
Microsoft Visual Studio Solution File, Format Version 12.00
# Visual Studio 15
VisualStudioVersion = 15.0.28307.902
MinimumVisualStudioVersion = 10.0.40219.1
Project("{F184B08F-C81C-45F6-A57F-5ABD9991F28F}") = "Sum of numbers 102", "Sum of numbers 102\Sum of numbers 102.vbproj", "{7436C062-682E-43B7-B6FB-AF2457D8FDD2}"
EndProject
Global
	GlobalSection(SolutionConfigurationPlatforms) = preSolution
		Debug|Any CPU = Debug|Any CPU
		Release|Any CPU = Release|Any CPU
	EndGlobalSection
	GlobalSection(ProjectConfigurationPlatforms) = postSolution
		{7436C062-682E-43B7-B6FB-AF2457D8FDD2}.Debug|Any CPU.ActiveCfg = Debug|Any CPU
		{7436C062-682E-43B7-B6FB-AF2457D8FDD2}.Debug|Any CPU.Build.0 = Debug|Any CPU
		{7436C062-682E-43B7-B6FB-AF2457D8FDD2}.Release|Any CPU.ActiveCfg = Release|Any CPU
		{7436C062-682E-43B7-B6FB-AF2457D8FDD2}.Release|Any CPU.Build.0 = Release|Any CPU
	EndGlobalSection
	GlobalSection(SolutionProperties) = preSolution
		HideSolutionNode = FALSE
	EndGlobalSection
	GlobalSection(ExtensibilityGlobals) = postSolution
		SolutionGuid = {B07DE5B5-3537-4126-AF2B-4C7FDFF7DF00}
	EndGlobalSection
EndGlobal
